
Microsoft Visual Studio Solution File, Format Version 12.00
# Visual Studio Version 16
VisualStudioVersion = 16.0.31105.61
MinimumVisualStudioVersion = 10.0.40219.1
Project("{8BC9CEB8-8B4A-11D0-8D11-00A0C91BC942}") = "static声明", "static声明.vcxproj", "{DB7F5890-5A9E-4A47-A2CA-24BFBFC5DB27}"
EndProject
Global
	GlobalSection(SolutionConfigurationPlatforms) = preSolution
		Debug|x64 = Debug|x64
		Debug|x86 = Debug|x86
		Release|x64 = Release|x64
		Release|x86 = Release|x86
	EndGlobalSection
	GlobalSection(ProjectConfigurationPlatforms) = postSolution
		{DB7F5890-5A9E-4A47-A2CA-24BFBFC5DB27}.Debug|x64.ActiveCfg = Debug|x64
		{DB7F5890-5A9E-4A47-A2CA-24BFBFC5DB27}.Debug|x64.Build.0 = Debug|x64
		{DB7F5890-5A9E-4A47-A2CA-24BFBFC5DB27}.Debug|x86.ActiveCfg = Debug|Win32
		{DB7F5890-5A9E-4A47-A2CA-24BFBFC5DB27}.Debug|x86.Build.0 = Debug|Win32
		{DB7F5890-5A9E-4A47-A2CA-24BFBFC5DB27}.Release|x64.ActiveCfg = Release|x64
		{DB7F5890-5A9E-4A47-A2CA-24BFBFC5DB27}.Release|x64.Build.0 = Release|x64
		{DB7F5890-5A9E-4A47-A2CA-24BFBFC5DB27}.Release|x86.ActiveCfg = Release|Win32
		{DB7F5890-5A9E-4A47-A2CA-24BFBFC5DB27}.Release|x86.Build.0 = Release|Win32
	EndGlobalSection
	GlobalSection(SolutionProperties) = preSolution
		HideSolutionNode = FALSE
	EndGlobalSection
	GlobalSection(ExtensibilityGlobals) = postSolution
		SolutionGuid = {1BA4E8A7-5474-44B3-A4FE-7E7685CBE96D}
	EndGlobalSection
EndGlobal
